
Microsoft Visual Studio Solution File, Format Version 12.00
# Visual Studio Version 16
VisualStudioVersion = 16.0.30611.23
MinimumVisualStudioVersion = 10.0.40219.1
Project("{FAE04EC0-301F-11D3-BF4B-00C04F79EFBC}") = "demoAccesDonnees", "demoAccesDonnees\demoAccesDonnees.csproj", "{D154659F-9FC9-4F41-8417-8995571022EF}"
EndProject
Global
	GlobalSection(SolutionConfigurationPlatforms) = preSolution
		Debug|Any CPU = Debug|Any CPU
		Release|Any CPU = Release|Any CPU
	EndGlobalSection
	GlobalSection(ProjectConfigurationPlatforms) = postSolution
		{D154659F-9FC9-4F41-8417-8995571022EF}.Debug|Any CPU.ActiveCfg = Debug|Any CPU
		{D154659F-9FC9-4F41-8417-8995571022EF}.Debug|Any CPU.Build.0 = Debug|Any CPU
		{D154659F-9FC9-4F41-8417-8995571022EF}.Release|Any CPU.ActiveCfg = Release|Any CPU
		{D154659F-9FC9-4F41-8417-8995571022EF}.Release|Any CPU.Build.0 = Release|Any CPU
	EndGlobalSection
	GlobalSection(SolutionProperties) = preSolution
		HideSolutionNode = FALSE
	EndGlobalSection
	GlobalSection(ExtensibilityGlobals) = postSolution
		SolutionGuid = {1DD4DA3A-93EE-42D5-BC63-0C74A6A64238}
	EndGlobalSection
EndGlobal
